PODS:
  - AFNetworking (2.6.0):
    - AFNetworking/NSURLConnection (= 2.6.0)
    - AFNetworking/NSURLSession (= 2.6.0)
    - AFNetworking/Reachability (= 2.6.0)
    - AFNetworking/Security (= 2.6.0)
    - AFNetworking/Serialization (= 2.6.0)
    - AFNetworking/UIKit (= 2.6.0)
  - AFNetworking/NSURLConnection (2.6.0):
    - AFNetworking/Reachability
    - AFNetworking/Security
    - AFNetworking/Serialization
  - AFNetworking/NSURLSession (2.6.0):
    - AFNetworking/Reachability
    - AFNetworking/Security
    - AFNetworking/Serialization
  - AFNetworking/Reachability (2.6.0)
  - AFNetworking/Security (2.6.0)
  - AFNetworking/Serialization (2.6.0)
  - AFNetworking/UIKit (2.6.0):
    - AFNetworking/NSURLConnection
    - AFNetworking/NSURLSession
  - FrameAccessor (1.3.2)
  - pop (1.0.8)
  - Reachability (3.2)
  - SDWebImage (3.7.3):
    - SDWebImage/Core (= 3.7.3)
  - SDWebImage-Category (1.4):
    - SDWebImage
  - SDWebImage/Core (3.7.3)
  - SVProgressHUD (HEAD based on 1.1.3)

DEPENDENCIES:
  - AFNetworking (~> 2.6.0)
  - FrameAccessor (~> 1.3.2)
  - pop (~> 1.0)
  - Reachability (~> 3.2)
  - SDWebImage-Category (~> 1.4)
  - SVProgressHUD (HEAD)

SPEC CHECKSUMS:
  AFNetworking: 79f7eb1a0fcfa7beb409332b2ca49afe9ce53b05
  FrameAccessor: 0f7ba6ce37be9a5d0302a27c731dca70af8d438b
  pop: bb773ae2c791ca2629de13b347e7a8b450fa6a57
  Reachability: 33e18b67625424e47b6cde6d202dce689ad7af96
  SDWebImage: 1d2b1a1efda1ade1b00b6f8498865f8ddedc8a84
  SDWebImage-Category: 1f1c00880a538f7faf5b726e1559cf1ca555c553
  SVProgressHUD: 748080e4f36e603f6c02aec292664239df5279c1

COCOAPODS: 0.39.0
