PODS:
  - AFNetworking (2.6.3):
    - AFNetworking/NSURLConnection (= 2.6.3)
    - AFNetworking/NSURLSession (= 2.6.3)
    - AFNetworking/Reachability (= 2.6.3)
    - AFNetworking/Security (= 2.6.3)
    - AFNetworking/Serialization (= 2.6.3)
    - AFNetworking/UIKit (= 2.6.3)
  - AFNetworking/NSURLConnection (2.6.3):
    - AFNetworking/Reachability
    - AFNetworking/Security
    - AFNetworking/Serialization
  - AFNetworking/NSURLSession (2.6.3):
    - AFNetworking/Reachability
    - AFNetworking/Security
    - AFNetworking/Serialization
  - AFNetworking/Reachability (2.6.3)
  - AFNetworking/Security (2.6.3)
  - AFNetworking/Serialization (2.6.3)
  - AFNetworking/UIKit (2.6.3):
    - AFNetworking/NSURLConnection
    - AFNetworking/NSURLSession
  - AnimatedGIFImageSerialization (0.2.0)
  - BlocksKit (2.2.5):
    - BlocksKit/All (= 2.2.5)
  - BlocksKit/All (2.2.5):
    - BlocksKit/Core
    - BlocksKit/DynamicDelegate
    - BlocksKit/MessageUI
    - BlocksKit/UIKit
  - BlocksKit/Core (2.2.5)
  - BlocksKit/DynamicDelegate (2.2.5)
  - BlocksKit/MessageUI (2.2.5):
    - BlocksKit/Core
    - BlocksKit/DynamicDelegate
  - BlocksKit/UIKit (2.2.5):
    - BlocksKit/Core
    - BlocksKit/DynamicDelegate
  - DACircularProgress (2.3.1)
  - DTCoreText (1.6.16):
    - DTFoundation/Core (~> 1.7.5)
    - DTFoundation/DTAnimatedGIF (~> 1.7.5)
    - DTFoundation/DTHTMLParser (~> 1.7.5)
    - DTFoundation/UIKit (~> 1.7.5)
  - DTFoundation/Core (1.7.8)
  - DTFoundation/DTAnimatedGIF (1.7.8)
  - DTFoundation/DTHTMLParser (1.7.8):
    - DTFoundation/Core
  - DTFoundation/UIKit (1.7.8):
    - DTFoundation/Core
  - DTLoupe (1.5.7)
  - DTRichTextEditor (1.6.11):
    - DTCoreText (~> 1.6.16)
    - DTFoundation/Core (~> 1.7.6)
    - DTLoupe (~> 1.5.7)
    - DTWebArchive (~> 0.0.2)
  - DTWebArchive (0.0.3):
    - DTWebArchive/Core (= 0.0.3)
    - DTWebArchive/iOS (= 0.0.3)
  - DTWebArchive/Core (0.0.3)
  - DTWebArchive/iOS (0.0.3):
    - DTWebArchive/Core
  - FrameAccessor (1.3.2)
  - FXKeychain (1.5.3)
  - IDMPhotoBrowser (1.7):
    - AFNetworking
    - DACircularProgress
    - pop
  - JSONKit (1.5pre)
  - NSString-Hashes (1.2.2)
  - NYXImagesKit (2.3)
  - pop (1.0.8)
  - QBImagePickerController (2.5.2)
  - Reachability (3.2)
  - REFrostedViewController (2.4.8)
  - RegexKitLite (4.0)
  - SDWebImage (3.7.3):
    - SDWebImage/Core (= 3.7.3)
  - SDWebImage-Category (1.4):
    - SDWebImage
  - SDWebImage/Core (3.7.3)
  - TTTAttributedLabel (1.13.4)
  - WeiboSDK (3.1.3)
  - WeixinSDK (1.4.3)

DEPENDENCIES:
  - AFNetworking (~> 2.6.0)
  - AnimatedGIFImageSerialization (~> 0.2.0)
  - BlocksKit (~> 2.2.5)
  - DTCoreText (~> 1.6.16)
  - DTRichTextEditor (~> 1.6.11)
  - FrameAccessor (~> 1.3.2)
  - FXKeychain (~> 1.5.3)
  - IDMPhotoBrowser (~> 1.7)
  - JSONKit (~> 1.5pre)
  - NSString-Hashes (~> 1.2.2)
  - NYXImagesKit (~> 2.3)
  - pop (~> 1.0)
  - QBImagePickerController (~> 2.5.2)
  - Reachability (~> 3.2)
  - REFrostedViewController (~> 2.4)
  - RegexKitLite (~> 4.0)
  - SDWebImage-Category (~> 1.4)
  - TTTAttributedLabel (~> 1.13.4)
  - WeiboSDK (from `https://github.com/sinaweibosdk/weibo_ios_sdk.git`)
  - WeixinSDK (~> 1.4.3)

EXTERNAL SOURCES:
  WeiboSDK:
    :git: https://github.com/sinaweibosdk/weibo_ios_sdk.git

CHECKOUT OPTIONS:
  WeiboSDK:
    :commit: 2ae2945fff7844abc0ba809a15bd638474a0ed69
    :git: https://github.com/sinaweibosdk/weibo_ios_sdk.git

SPEC CHECKSUMS:
  AFNetworking: cb8d14a848e831097108418f5d49217339d4eb60
  AnimatedGIFImageSerialization: b0f0cfe71eac1ee45a3d57ae533c23b8e6f29501
  BlocksKit: 7f422b971407001178d181a43b99014ea2591fe6
  DACircularProgress: 4dd437c0fc3da5161cb289e07ac449493d41db71
  DTCoreText: 934a16fe9ffdd169c96261721b39dc312b75713d
  DTFoundation: 46e2b2fafe78d67febfd8d1f85fe9845a093f00e
  DTLoupe: 0f9494c262830401983e50c5bbdda38b9660db5e
  DTRichTextEditor: 0b2288f389df071622dde02b52f7c375e00b91af
  DTWebArchive: 2029610e2e2fda5b6d51a386b13b1484b7b197ba
  FrameAccessor: 0f7ba6ce37be9a5d0302a27c731dca70af8d438b
  FXKeychain: 2fe54573946ffef634f4e2a2851e6c8f4ea15e76
  IDMPhotoBrowser: 1155caa03f8705b7943c074c26b55aadd43d71da
  JSONKit: bae313ce6a6c444f40489a6c0b023f399888871f
  NSString-Hashes: c3848d809e92650e4fb17db5d8cc4bd2aa1eaddd
  NYXImagesKit: 8163e3335a40eaa173ca5bbbf81fafb57d3947eb
  pop: bb773ae2c791ca2629de13b347e7a8b450fa6a57
  QBImagePickerController: 96c2e340edb7fcac5acf21b72314fac9201ffb8e
  Reachability: 33e18b67625424e47b6cde6d202dce689ad7af96
  REFrostedViewController: a893b4979ba1f200c547aef9ff4c3fd5a18f5923
  RegexKitLite: c0e4c12e6e7de0769f3a3ed679f0f61604170661
  SDWebImage: 1d2b1a1efda1ade1b00b6f8498865f8ddedc8a84
  SDWebImage-Category: 1f1c00880a538f7faf5b726e1559cf1ca555c553
  TTTAttributedLabel: 0a2ac7b2dd726d32a070dafb01446026b11e624f
  WeiboSDK: 5f2a707c4569a64f4641f4171acd712016f24342
  WeixinSDK: 012c72fbaf8cef68afa7b0d0bb81c67a7a5c9136

COCOAPODS: 0.39.0
